
Microsoft Visual Studio Solution File, Format Version 12.00
# Visual Studio Version 17
VisualStudioVersion = 17.4.33213.308
MinimumVisualStudioVersion = 10.0.40219.1
Project("{FAE04EC0-301F-11D3-BF4B-00C04F79EFBC}") = "MVC-Site", "MVC-Site\MVC-Site.csproj", "{1719C0F1-8B4E-4C7E-A5BD-0FB487F54C25}"
EndProject
Global
	GlobalSection(SolutionConfigurationPlatforms) = preSolution
		Debug|Any CPU = Debug|Any CPU
		Release|Any CPU = Release|Any CPU
	EndGlobalSection
	GlobalSection(ProjectConfigurationPlatforms) = postSolution
		{1719C0F1-8B4E-4C7E-A5BD-0FB487F54C25}.Debug|Any CPU.ActiveCfg = Debug|Any CPU
		{1719C0F1-8B4E-4C7E-A5BD-0FB487F54C25}.Debug|Any CPU.Build.0 = Debug|Any CPU
		{1719C0F1-8B4E-4C7E-A5BD-0FB487F54C25}.Release|Any CPU.ActiveCfg = Release|Any CPU
		{1719C0F1-8B4E-4C7E-A5BD-0FB487F54C25}.Release|Any CPU.Build.0 = Release|Any CPU
	EndGlobalSection
	GlobalSection(SolutionProperties) = preSolution
		HideSolutionNode = FALSE
	EndGlobalSection
	GlobalSection(ExtensibilityGlobals) = postSolution
		SolutionGuid = {253C8199-FD96-46DC-AA55-E51A6FAE7C5C}
	EndGlobalSection
EndGlobal
